
Microsoft Visual Studio Solution File, Format Version 12.00
# Visual Studio Version 17
VisualStudioVersion = 17.5.33414.496
MinimumVisualStudioVersion = 10.0.40219.1
Project("{FAE04EC0-301F-11D3-BF4B-00C04F79EFBC}") = "QLTracNghiem", "QLTracNghiem\QLTracNghiem.csproj", "{7A20776A-CC3A-4256-812F-0DFEA6FA373B}"
EndProject
Global
	GlobalSection(SolutionConfigurationPlatforms) = preSolution
		Debug|Any CPU = Debug|Any CPU
		Release|Any CPU = Release|Any CPU
	EndGlobalSection
	GlobalSection(ProjectConfigurationPlatforms) = postSolution
		{7A20776A-CC3A-4256-812F-0DFEA6FA373B}.Debug|Any CPU.ActiveCfg = Debug|Any CPU
		{7A20776A-CC3A-4256-812F-0DFEA6FA373B}.Debug|Any CPU.Build.0 = Debug|Any CPU
		{7A20776A-CC3A-4256-812F-0DFEA6FA373B}.Release|Any CPU.ActiveCfg = Release|Any CPU
		{7A20776A-CC3A-4256-812F-0DFEA6FA373B}.Release|Any CPU.Build.0 = Release|Any CPU
	EndGlobalSection
	GlobalSection(SolutionProperties) = preSolution
		HideSolutionNode = FALSE
	EndGlobalSection
	GlobalSection(ExtensibilityGlobals) = postSolution
		SolutionGuid = {E21C1817-7841-4A45-8C01-DE57C020C0CD}
	EndGlobalSection
EndGlobal
